
Microsoft Visual Studio Solution File, Format Version 12.00
# Visual Studio Version 17
VisualStudioVersion = 17.0.32112.339
MinimumVisualStudioVersion = 10.0.40219.1
Project("{FAE04EC0-301F-11D3-BF4B-00C04F79EFBC}") = "CodingTimeTracker", "CodingTimeTracker\CodingTimeTracker.csproj", "{4D969F46-7D8F-4D4A-97CA-833D418A2E42}"
EndProject
Global
	GlobalSection(SolutionConfigurationPlatforms) = preSolution
		Debug|Any CPU = Debug|Any CPU
		Release|Any CPU = Release|Any CPU
	EndGlobalSection
	GlobalSection(ProjectConfigurationPlatforms) = postSolution
		{4D969F46-7D8F-4D4A-97CA-833D418A2E42}.Debug|Any CPU.ActiveCfg = Debug|Any CPU
		{4D969F46-7D8F-4D4A-97CA-833D418A2E42}.Debug|Any CPU.Build.0 = Debug|Any CPU
		{4D969F46-7D8F-4D4A-97CA-833D418A2E42}.Release|Any CPU.ActiveCfg = Release|Any CPU
		{4D969F46-7D8F-4D4A-97CA-833D418A2E42}.Release|Any CPU.Build.0 = Release|Any CPU
	EndGlobalSection
	GlobalSection(SolutionProperties) = preSolution
		HideSolutionNode = FALSE
	EndGlobalSection
	GlobalSection(ExtensibilityGlobals) = postSolution
		SolutionGuid = {48B25BE4-B950-4044-8BDC-BEAE0B1639C0}
	EndGlobalSection
EndGlobal
